
Microsoft Visual Studio Solution File, Format Version 12.00
# Visual Studio 15
VisualStudioVersion = 15.0.28307.489
MinimumVisualStudioVersion = 10.0.40219.1
Project("{9A19103F-16F7-4668-BE54-9A1E7A4F7556}") = "HelloWorld", "HelloWorld\HelloWorld.csproj", "{248E4CD1-EDEE-47D3-90E9-082C8DF395B9}"
EndProject
Project("{FAE04EC0-301F-11D3-BF4B-00C04F79EFBC}") = "MyWebApp", "MyWebApp\MyWebApp.csproj", "{31DFCCBD-8A5F-461C-B2D9-7DB70C59060D}"
EndProject
Global
	GlobalSection(SolutionConfigurationPlatforms) = preSolution
		Debug|Any CPU = Debug|Any CPU
		Release|Any CPU = Release|Any CPU
	EndGlobalSection
	GlobalSection(ProjectConfigurationPlatforms) = postSolution
		{248E4CD1-EDEE-47D3-90E9-082C8DF395B9}.Debug|Any CPU.ActiveCfg = Debug|Any CPU
		{248E4CD1-EDEE-47D3-90E9-082C8DF395B9}.Debug|Any CPU.Build.0 = Debug|Any CPU
		{248E4CD1-EDEE-47D3-90E9-082C8DF395B9}.Release|Any CPU.ActiveCfg = Release|Any CPU
		{248E4CD1-EDEE-47D3-90E9-082C8DF395B9}.Release|Any CPU.Build.0 = Release|Any CPU
		{31DFCCBD-8A5F-461C-B2D9-7DB70C59060D}.Debug|Any CPU.ActiveCfg = Debug|Any CPU
		{31DFCCBD-8A5F-461C-B2D9-7DB70C59060D}.Debug|Any CPU.Build.0 = Debug|Any CPU
		{31DFCCBD-8A5F-461C-B2D9-7DB70C59060D}.Release|Any CPU.ActiveCfg = Release|Any CPU
		{31DFCCBD-8A5F-461C-B2D9-7DB70C59060D}.Release|Any CPU.Build.0 = Release|Any CPU
	EndGlobalSection
	GlobalSection(SolutionProperties) = preSolution
		HideSolutionNode = FALSE
	EndGlobalSection
	GlobalSection(ExtensibilityGlobals) = postSolution
		SolutionGuid = {3DB23FA1-6193-4A1A-B385-BDE3DAE84A7E}
	EndGlobalSection
EndGlobal
